
Microsoft Visual Studio Solution File, Format Version 11.00
# Visual Studio 2010
Project("{FAE04EC0-301F-11D3-BF4B-00C04F79EFBC}") = "RREdit", "RREdit\RREdit.csproj", "{33C9E0BB-5A39-4B74-B150-020F56A3C009}"
EndProject
Project("{FAE04EC0-301F-11D3-BF4B-00C04F79EFBC}") = "RRLib", "RRLib\RRLib.csproj", "{4C4531AC-4C6F-4AA0-9E14-E20167BA7D96}"
EndProject
Project("{FAE04EC0-301F-11D3-BF4B-00C04F79EFBC}") = "DbUtils", "..\..\..\dbUtils\DbUtils.csproj", "{50F99A2F-DBF4-4903-8E76-C1EBC14EBDAF}"
EndProject
Global
	GlobalSection(SolutionConfigurationPlatforms) = preSolution
		Debug|Any CPU = Debug|Any CPU
		Release|Any CPU = Release|Any CPU
	EndGlobalSection
	GlobalSection(ProjectConfigurationPlatforms) = postSolution
		{33C9E0BB-5A39-4B74-B150-020F56A3C009}.Debug|Any CPU.ActiveCfg = Debug|Any CPU
		{33C9E0BB-5A39-4B74-B150-020F56A3C009}.Debug|Any CPU.Build.0 = Debug|Any CPU
		{33C9E0BB-5A39-4B74-B150-020F56A3C009}.Release|Any CPU.ActiveCfg = Release|Any CPU
		{33C9E0BB-5A39-4B74-B150-020F56A3C009}.Release|Any CPU.Build.0 = Release|Any CPU
		{4C4531AC-4C6F-4AA0-9E14-E20167BA7D96}.Debug|Any CPU.ActiveCfg = Debug|Any CPU
		{4C4531AC-4C6F-4AA0-9E14-E20167BA7D96}.Debug|Any CPU.Build.0 = Debug|Any CPU
		{4C4531AC-4C6F-4AA0-9E14-E20167BA7D96}.Release|Any CPU.ActiveCfg = Release|Any CPU
		{4C4531AC-4C6F-4AA0-9E14-E20167BA7D96}.Release|Any CPU.Build.0 = Release|Any CPU
		{50F99A2F-DBF4-4903-8E76-C1EBC14EBDAF}.Debug|Any CPU.ActiveCfg = Debug|Any CPU
		{50F99A2F-DBF4-4903-8E76-C1EBC14EBDAF}.Debug|Any CPU.Build.0 = Debug|Any CPU
		{50F99A2F-DBF4-4903-8E76-C1EBC14EBDAF}.Release|Any CPU.ActiveCfg = Release|Any CPU
		{50F99A2F-DBF4-4903-8E76-C1EBC14EBDAF}.Release|Any CPU.Build.0 = Release|Any CPU
	EndGlobalSection
	GlobalSection(SolutionProperties) = preSolution
		HideSolutionNode = FALSE
	EndGlobalSection
EndGlobal
